
Microsoft Visual Studio Solution File, Format Version 12.00
# Visual Studio Version 17
VisualStudioVersion = 17.0.31919.166
MinimumVisualStudioVersion = 10.0.40219.1
Project("{8BC9CEB8-8B4A-11D0-8D11-00A0C91BC942}") = "Project2", "Project2\Project2.vcxproj", "{9A2DCB87-806F-4055-A17C-53889E894007}"
EndProject
Global
	GlobalSection(SolutionConfigurationPlatforms) = preSolution
		Debug|x64 = Debug|x64
		Debug|x86 = Debug|x86
		Release|x64 = Release|x64
		Release|x86 = Release|x86
	EndGlobalSection
	GlobalSection(ProjectConfigurationPlatforms) = postSolution
		{9A2DCB87-806F-4055-A17C-53889E894007}.Debug|x64.ActiveCfg = Debug|x64
		{9A2DCB87-806F-4055-A17C-53889E894007}.Debug|x64.Build.0 = Debug|x64
		{9A2DCB87-806F-4055-A17C-53889E894007}.Debug|x86.ActiveCfg = Debug|Win32
		{9A2DCB87-806F-4055-A17C-53889E894007}.Debug|x86.Build.0 = Debug|Win32
		{9A2DCB87-806F-4055-A17C-53889E894007}.Release|x64.ActiveCfg = Release|x64
		{9A2DCB87-806F-4055-A17C-53889E894007}.Release|x64.Build.0 = Release|x64
		{9A2DCB87-806F-4055-A17C-53889E894007}.Release|x86.ActiveCfg = Release|Win32
		{9A2DCB87-806F-4055-A17C-53889E894007}.Release|x86.Build.0 = Release|Win32
	EndGlobalSection
	GlobalSection(SolutionProperties) = preSolution
		HideSolutionNode = FALSE
	EndGlobalSection
	GlobalSection(ExtensibilityGlobals) = postSolution
		SolutionGuid = {ABCD1EDC-D352-4A43-805F-7FC8165BA695}
	EndGlobalSection
EndGlobal
